{
  "nodes": {
    "cadical": {
      "inputs": {
        "nixpkgs": [
          "nixpkgs"
        ]
      },
      "locked": {
        "lastModified": 1749393537,
        "narHash": "sha256-FaD4aE2bHKhZFO9dTzFLDkTTuMHfI7gI9sfhPY6oObo=",
        "owner": "meelgroup",
        "repo": "cadical",
        "rev": "0e8be0642ebf3e872a9df806fc0c1c1d8fa90084",
        "type": "github"
      },
      "original": {
        "owner": "meelgroup",
        "ref": "add_dynamic_lib",
        "repo": "cadical",
        "type": "github"
      }
    },
    "nixpkgs": {
      "locked": {
        "lastModified": 1750811787,
        "narHash": "sha256-rD/978c35JXz6JLAzciTIOCMenPumF6zrQOj4rVZeHE=",
        "owner": "nixos",
        "repo": "nixpkgs",
        "rev": "992f916556fcfaa94451ebc7fc6e396134bbf5b1",
        "type": "github"
      },
      "original": {
        "owner": "nixos",
        "ref": "nixpkgs-unstable",
        "repo": "nixpkgs",
        "type": "github"
      }
    },
    "root": {
      "inputs": {
        "cadical": "cadical",
        "nixpkgs": "nixpkgs"
      }
    }
  },
  "root": "root",
  "version": 7
}
