{
  "nodes": {
    "cadical": {
      "inputs": {
        "nixpkgs": [
          "nixpkgs"
        ]
      },
      "locked": {
        "lastModified": 1772998436,
        "narHash": "sha256-4GNXpkS3gP9UJ6rw7HMkm1wbkrAjNHzhE3sJHBkRU+Q=",
        "owner": "meelgroup",
        "repo": "cadical",
        "rev": "729939aba815b1837b1590279e66c61ed9d3092f",
        "type": "github"
      },
      "original": {
        "owner": "meelgroup",
        "ref": "master",
        "repo": "cadical",
        "type": "github"
      }
    },
    "nixpkgs": {
      "locked": {
        "lastModified": 1772771118,
        "narHash": "sha256-xWzaTvmmACR/SRWtABgI/Z97lcqwJAeoSd5QW1KdK1s=",
        "owner": "nixos",
        "repo": "nixpkgs",
        "rev": "e38213b91d3786389a446dfce4ff5a8aaf6012f2",
        "type": "github"
      },
      "original": {
        "owner": "nixos",
        "ref": "nixpkgs-unstable",
        "repo": "nixpkgs",
        "type": "github"
      }
    },
    "root": {
      "inputs": {
        "cadical": "cadical",
        "nixpkgs": "nixpkgs"
      }
    }
  },
  "root": "root",
  "version": 7
}
